
Microsoft Visual Studio Solution File, Format Version 12.00
# Visual Studio Version 17
VisualStudioVersion = 17.9.34622.214
MinimumVisualStudioVersion = 10.0.40219.1
Project("{FAE04EC0-301F-11D3-BF4B-00C04F79EFBC}") = "MvcOnlineTicariOtomasyon", "MvcOnlineTicariOtomasyon\MvcOnlineTicariOtomasyon.csproj", "{116E95F3-3B50-445A-B754-724D7E016413}"
EndProject
Global
	GlobalSection(SolutionConfigurationPlatforms) = preSolution
		Debug|Any CPU = Debug|Any CPU
		Release|Any CPU = Release|Any CPU
	EndGlobalSection
	GlobalSection(ProjectConfigurationPlatforms) = postSolution
		{116E95F3-3B50-445A-B754-724D7E016413}.Debug|Any CPU.ActiveCfg = Debug|Any CPU
		{116E95F3-3B50-445A-B754-724D7E016413}.Debug|Any CPU.Build.0 = Debug|Any CPU
		{116E95F3-3B50-445A-B754-724D7E016413}.Release|Any CPU.ActiveCfg = Release|Any CPU
		{116E95F3-3B50-445A-B754-724D7E016413}.Release|Any CPU.Build.0 = Release|Any CPU
	EndGlobalSection
	GlobalSection(SolutionProperties) = preSolution
		HideSolutionNode = FALSE
	EndGlobalSection
	GlobalSection(ExtensibilityGlobals) = postSolution
		SolutionGuid = {63AD3225-4B1A-4547-8299-5A0D33B0ACA9}
	EndGlobalSection
EndGlobal
